
Microsoft Visual Studio Solution File, Format Version 12.00
# Visual Studio Version 17
VisualStudioVersion = 17.4.33110.190
MinimumVisualStudioVersion = 10.0.40219.1
Project("{9A19103F-16F7-4668-BE54-9A1E7A4F7556}") = "MyBlogSite.Web", "MyBlogSite.Web\MyBlogSite.Web.csproj", "{30FA8881-9C22-4005-95B1-2E9CA76BCCC1}"
EndProject
Project("{FAE04EC0-301F-11D3-BF4B-00C04F79EFBC}") = "Data", "Data\Data.csproj", "{8BAC3B3B-0F89-4FA2-9346-E0B7A56B4DFA}"
EndProject
Project("{FAE04EC0-301F-11D3-BF4B-00C04F79EFBC}") = "Models", "Models\Models.csproj", "{4A0B32F8-CF17-4EB4-BA4E-9AEDCF4058FD}"
EndProject
Global
	GlobalSection(SolutionConfigurationPlatforms) = preSolution
		Debug|Any CPU = Debug|Any CPU
		Release|Any CPU = Release|Any CPU
	EndGlobalSection
	GlobalSection(ProjectConfigurationPlatforms) = postSolution
		{30FA8881-9C22-4005-95B1-2E9CA76BCCC1}.Debug|Any CPU.ActiveCfg = Debug|Any CPU
		{30FA8881-9C22-4005-95B1-2E9CA76BCCC1}.Debug|Any CPU.Build.0 = Debug|Any CPU
		{30FA8881-9C22-4005-95B1-2E9CA76BCCC1}.Release|Any CPU.ActiveCfg = Release|Any CPU
		{30FA8881-9C22-4005-95B1-2E9CA76BCCC1}.Release|Any CPU.Build.0 = Release|Any CPU
		{8BAC3B3B-0F89-4FA2-9346-E0B7A56B4DFA}.Debug|Any CPU.ActiveCfg = Debug|Any CPU
		{8BAC3B3B-0F89-4FA2-9346-E0B7A56B4DFA}.Debug|Any CPU.Build.0 = Debug|Any CPU
		{8BAC3B3B-0F89-4FA2-9346-E0B7A56B4DFA}.Release|Any CPU.ActiveCfg = Release|Any CPU
		{8BAC3B3B-0F89-4FA2-9346-E0B7A56B4DFA}.Release|Any CPU.Build.0 = Release|Any CPU
		{4A0B32F8-CF17-4EB4-BA4E-9AEDCF4058FD}.Debug|Any CPU.ActiveCfg = Debug|Any CPU
		{4A0B32F8-CF17-4EB4-BA4E-9AEDCF4058FD}.Debug|Any CPU.Build.0 = Debug|Any CPU
		{4A0B32F8-CF17-4EB4-BA4E-9AEDCF4058FD}.Release|Any CPU.ActiveCfg = Release|Any CPU
		{4A0B32F8-CF17-4EB4-BA4E-9AEDCF4058FD}.Release|Any CPU.Build.0 = Release|Any CPU
	EndGlobalSection
	GlobalSection(SolutionProperties) = preSolution
		HideSolutionNode = FALSE
	EndGlobalSection
	GlobalSection(ExtensibilityGlobals) = postSolution
		SolutionGuid = {DA6C2C12-A364-4C47-AD0C-96B4BA62ABF4}
	EndGlobalSection
EndGlobal
